
Microsoft Visual Studio Solution File, Format Version 12.00
# Visual Studio Version 17
VisualStudioVersion = 17.2.32616.157
MinimumVisualStudioVersion = 10.0.40219.1
Project("{FAE04EC0-301F-11D3-BF4B-00C04F79EFBC}") = "Amar Pharmacy1", "Amar Pharmacy1.csproj", "{1DED7692-9988-4913-A058-4A4203BFE1D6}"
EndProject
Global
	GlobalSection(SolutionConfigurationPlatforms) = preSolution
		Debug|Any CPU = Debug|Any CPU
		Release|Any CPU = Release|Any CPU
	EndGlobalSection
	GlobalSection(ProjectConfigurationPlatforms) = postSolution
		{1DED7692-9988-4913-A058-4A4203BFE1D6}.Debug|Any CPU.ActiveCfg = Debug|Any CPU
		{1DED7692-9988-4913-A058-4A4203BFE1D6}.Debug|Any CPU.Build.0 = Debug|Any CPU
		{1DED7692-9988-4913-A058-4A4203BFE1D6}.Release|Any CPU.ActiveCfg = Release|Any CPU
		{1DED7692-9988-4913-A058-4A4203BFE1D6}.Release|Any CPU.Build.0 = Release|Any CPU
	EndGlobalSection
	GlobalSection(SolutionProperties) = preSolution
		HideSolutionNode = FALSE
	EndGlobalSection
	GlobalSection(ExtensibilityGlobals) = postSolution
		SolutionGuid = {895FAF41-DEE5-48F9-81AD-F7F5B2088093}
	EndGlobalSection
EndGlobal
